
Microsoft Visual Studio Solution File, Format Version 12.00
# Visual Studio Version 17
VisualStudioVersion = 17.4.33110.190
MinimumVisualStudioVersion = 10.0.40219.1
Project("{9A19103F-16F7-4668-BE54-9A1E7A4F7556}") = "RepositoryAndInMemoryEF", "RepositoryAndInMemoryEF.csproj", "{12620C7C-A3E2-4403-A917-FD114AF07AFF}"
EndProject
Global
	GlobalSection(SolutionConfigurationPlatforms) = preSolution
		Debug|Any CPU = Debug|Any CPU
		Release|Any CPU = Release|Any CPU
	EndGlobalSection
	GlobalSection(ProjectConfigurationPlatforms) = postSolution
		{12620C7C-A3E2-4403-A917-FD114AF07AFF}.Debug|Any CPU.ActiveCfg = Debug|Any CPU
		{12620C7C-A3E2-4403-A917-FD114AF07AFF}.Debug|Any CPU.Build.0 = Debug|Any CPU
		{12620C7C-A3E2-4403-A917-FD114AF07AFF}.Release|Any CPU.ActiveCfg = Release|Any CPU
		{12620C7C-A3E2-4403-A917-FD114AF07AFF}.Release|Any CPU.Build.0 = Release|Any CPU
	EndGlobalSection
	GlobalSection(SolutionProperties) = preSolution
		HideSolutionNode = FALSE
	EndGlobalSection
	GlobalSection(ExtensibilityGlobals) = postSolution
		SolutionGuid = {444E5399-59D8-4E87-8693-2246107404F6}
	EndGlobalSection
EndGlobal
